
Microsoft Visual Studio Solution File, Format Version 12.00
# Visual Studio Version 17
VisualStudioVersion = 17.12.35527.113
MinimumVisualStudioVersion = 10.0.40219.1
Project("{FAE04EC0-301F-11D3-BF4B-00C04F79EFBC}") = "MyProject.Cms", "MyProject.Cms.csproj", "{398ADD10-C36E-4956-9A84-0DEADAAB0E92}"
	ProjectSection(ProjectDependencies) = postProject
		{1CD1781D-B137-46E1-B3C4-E976F2C59059} = {1CD1781D-B137-46E1-B3C4-E976F2C59059}
		{880285CA-C16E-4D19-8132-796E62440C30} = {880285CA-C16E-4D19-8132-796E62440C30}
	EndProjectSection
EndProject
Project("{FAE04EC0-301F-11D3-BF4B-00C04F79EFBC}") = "MyProject.Cms.DAL", "..\MyProject.Cms.DAL\MyProject.Cms.DAL.csproj", "{1CD1781D-B137-46E1-B3C4-E976F2C59059}"
EndProject
Project("{FAE04EC0-301F-11D3-BF4B-00C04F79EFBC}") = "MyProject.Cms.BAL", "..\MyProject.Cms.BAL\MyProject.Cms.BAL.csproj", "{880285CA-C16E-4D19-8132-796E62440C30}"
	ProjectSection(ProjectDependencies) = postProject
		{1CD1781D-B137-46E1-B3C4-E976F2C59059} = {1CD1781D-B137-46E1-B3C4-E976F2C59059}
	EndProjectSection
EndProject
Global
	GlobalSection(SolutionConfigurationPlatforms) = preSolution
		Debug|Any CPU = Debug|Any CPU
		Release|Any CPU = Release|Any CPU
	EndGlobalSection
	GlobalSection(ProjectConfigurationPlatforms) = postSolution
		{398ADD10-C36E-4956-9A84-0DEADAAB0E92}.Debug|Any CPU.ActiveCfg = Debug|Any CPU
		{398ADD10-C36E-4956-9A84-0DEADAAB0E92}.Debug|Any CPU.Build.0 = Debug|Any CPU
		{398ADD10-C36E-4956-9A84-0DEADAAB0E92}.Release|Any CPU.ActiveCfg = Release|Any CPU
		{398ADD10-C36E-4956-9A84-0DEADAAB0E92}.Release|Any CPU.Build.0 = Release|Any CPU
		{1CD1781D-B137-46E1-B3C4-E976F2C59059}.Debug|Any CPU.ActiveCfg = Debug|Any CPU
		{1CD1781D-B137-46E1-B3C4-E976F2C59059}.Debug|Any CPU.Build.0 = Debug|Any CPU
		{1CD1781D-B137-46E1-B3C4-E976F2C59059}.Release|Any CPU.ActiveCfg = Release|Any CPU
		{1CD1781D-B137-46E1-B3C4-E976F2C59059}.Release|Any CPU.Build.0 = Release|Any CPU
		{880285CA-C16E-4D19-8132-796E62440C30}.Debug|Any CPU.ActiveCfg = Debug|Any CPU
		{880285CA-C16E-4D19-8132-796E62440C30}.Debug|Any CPU.Build.0 = Debug|Any CPU
		{880285CA-C16E-4D19-8132-796E62440C30}.Release|Any CPU.ActiveCfg = Release|Any CPU
		{880285CA-C16E-4D19-8132-796E62440C30}.Release|Any CPU.Build.0 = Release|Any CPU
	EndGlobalSection
	GlobalSection(SolutionProperties) = preSolution
		HideSolutionNode = FALSE
	EndGlobalSection
EndGlobal
